{
  "version": "5",
  "specifiers": {
    "npm:@revealjs/react@0.2.1": "0.2.1_react@19.2.4_react-dom@19.2.4__react@19.2.4_reveal.js@6.0.1",
    "npm:@types/d3-geo@3.1.0": "3.1.0",
    "npm:@types/d3-scale@4.0.9": "4.0.9",
    "npm:@types/d3-shape@3.2.0": "3.2.0",
    "npm:@types/react-dom@19.2.3": "19.2.3_@types+react@19.2.10",
    "npm:@types/react@19.2.10": "19.2.10",
    "npm:d3-geo@3.1.1": "3.1.1",
    "npm:d3-scale@4.0.2": "4.0.2",
    "npm:d3-shape@3.2.0": "3.2.0",
    "npm:react-dom@19.2.4": "19.2.4_react@19.2.4",
    "npm:react@19.2.4": "19.2.4",
    "npm:reveal.js@6.0.1": "6.0.1",
    "npm:typescript@6.0.3": "6.0.3"
  },
  "npm": {
    "@revealjs/react@0.2.1_react@19.2.4_react-dom@19.2.4__react@19.2.4_reveal.js@6.0.1": {
      "integrity": "sha512-bEivSQ1W0WpiSUPd4KNLkFGSkdywuno2jjzBHQCO+SN3ChFWP6Y3Z2OLRih3Qeel5k1bwKsSsmr5AMUMA5ZdyQ==",
      "dependencies": [
        "react",
        "react-dom",
        "reveal.js"
      ]
    },
    "@types/d3-geo@3.1.0": {
      "integrity": "sha512-856sckF0oP/diXtS4jNsiQw/UuK5fQG8l/a9VVLeSouf1/PPbBE1i1W852zVwKwYCBkFJJB7nCFTbk6UMEXBOQ==",
      "dependencies": [
        "@types/geojson"
      ]
    },
    "@types/d3-path@3.1.1": {
      "integrity": "sha512-VMZBYyQvbGmWyWVea0EHs/BwLgxc+MKi1zLDCONksozI4YJMcTt8ZEuIR4Sb1MMTE8MMW49v0IwI5+b7RmfWlg=="
    },
    "@types/d3-scale@4.0.9": {
      "integrity": "sha512-dLmtwB8zkAeO/juAMfnV+sItKjlsw2lKdZVVy6LRr0cBmegxSABiLEpGVmSJJ8O08i4+sGR6qQtb6WtuwJdvVw==",
      "dependencies": [
        "@types/d3-time"
      ]
    },
    "@types/d3-shape@3.2.0": {
      "integrity": "sha512-kVd74ta9eof3eJOvbNd1vGKS/XERRyQbT26Og63hIsvDO84cjD5gEOhsXf26w3FSoNlPVz84DOFcKv/oou+fMw==",
      "dependencies": [
        "@types/d3-path"
      ]
    },
    "@types/d3-time@3.0.4": {
      "integrity": "sha512-yuzZug1nkAAaBlBBikKZTgzCeA+k1uy4ZFwWANOfKw5z5LRhV0gNA7gNkKm7HoK+HRN0wX3EkxGk0fpbWhmB7g=="
    },
    "@types/geojson@7946.0.16": {
      "integrity": "sha512-6C8nqWur3j98U6+lXDfTUWIfgvZU+EumvpHKcYjujKH7woYyLj2sUmff0tRhrqM7BohUw7Pz3ZB1jj2gW9Fvmg=="
    },
    "@types/react-dom@19.2.3_@types+react@19.2.10": {
      "integrity": "sha512-jp2L/eY6fn+KgVVQAOqYItbF0VY/YApe5Mz2F0aykSO8gx31bYCZyvSeYxCHKvzHG5eZjc+zyaS5BrBWya2+kQ==",
      "dependencies": [
        "@types/react"
      ]
    },
    "@types/react@19.2.10": {
      "integrity": "sha512-WPigyYuGhgZ/cTPRXB2EwUw+XvsRA3GqHlsP4qteqrnnjDrApbS7MxcGr/hke5iUoeB7E/gQtrs9I37zAJ0Vjw==",
      "dependencies": [
        "csstype"
      ]
    },
    "csstype@3.2.3": {
      "integrity": "sha512-z1HGKcYy2xA8AGQfwrn0PAy+PB7X/GSj3UVJW9qKyn43xWa+gl5nXmU4qqLMRzWVLFC8KusUX8T/0kCiOYpAIQ=="
    },
    "d3-array@3.2.4": {
      "integrity": "sha512-tdQAmyA18i4J7wprpYq8ClcxZy3SC31QMeByyCFyRt7BVHdREQZ5lpzoe5mFEYZUWe+oq8HBvk9JjpibyEV4Jg==",
      "dependencies": [
        "internmap"
      ]
    },
    "d3-color@3.1.0": {
      "integrity": "sha512-zg/chbXyeBtMQ1LbD/WSoW2DpC3I0mpmPdW+ynRTj/x2DAWYrIY7qeZIHidozwV24m4iavr15lNwIwLxRmOxhA=="
    },
    "d3-format@3.1.2": {
      "integrity": "sha512-AJDdYOdnyRDV5b6ArilzCPPwc1ejkHcoyFarqlPqT7zRYjhavcT3uSrqcMvsgh2CgoPbK3RCwyHaVyxYcP2Arg=="
    },
    "d3-geo@3.1.1": {
      "integrity": "sha512-637ln3gXKXOwhalDzinUgY83KzNWZRKbYubaG+fGVuc/dxO64RRljtCTnf5ecMyE1RIdtqpkVcq0IbtU2S8j2Q==",
      "dependencies": [
        "d3-array"
      ]
    },
    "d3-interpolate@3.0.1": {
      "integrity": "sha512-3bYs1rOD33uo8aqJfKP3JWPAibgw8Zm2+L9vBKEHJ2Rg+viTR7o5Mmv5mZcieN+FRYaAOWX5SJATX6k1PWz72g==",
      "dependencies": [
        "d3-color"
      ]
    },
    "d3-path@3.1.0": {
      "integrity": "sha512-p3KP5HCf/bvjBSSKuXid6Zqijx7wIfNW+J/maPs+iwR35at5JCbLUT0LzF1cnjbCHWhqzQTIN2Jpe8pRebIEFQ=="
    },
    "d3-scale@4.0.2": {
      "integrity": "sha512-GZW464g1SH7ag3Y7hXjf8RoUuAFIqklOAq3MRl4OaWabTFJY9PN/E1YklhXLh+OQ3fM9yS2nOkCoS+WLZ6kvxQ==",
      "dependencies": [
        "d3-array",
        "d3-format",
        "d3-interpolate",
        "d3-time",
        "d3-time-format"
      ]
    },
    "d3-shape@3.2.0": {
      "integrity": "sha512-SaLBuwGm3MOViRq2ABk3eLoxwZELpH6zhl3FbAoJ7Vm1gofKx6El1Ib5z23NUEhF9AsGl7y+dzLe5Cw2AArGTA==",
      "dependencies": [
        "d3-path"
      ]
    },
    "d3-time-format@4.1.0": {
      "integrity": "sha512-dJxPBlzC7NugB2PDLwo9Q8JiTR3M3e4/XANkreKSUxF8vvXKqm1Yfq4Q5dl8budlunRVlUUaDUgFt7eA8D6NLg==",
      "dependencies": [
        "d3-time"
      ]
    },
    "d3-time@3.1.0": {
      "integrity": "sha512-VqKjzBLejbSMT4IgbmVgDjpkYrNWUYJnbCGo874u7MMKIWsILRX+OpX/gTk8MqjpT1A/c6HY2dCA77ZN0lkQ2Q==",
      "dependencies": [
        "d3-array"
      ]
    },
    "internmap@2.0.3": {
      "integrity": "sha512-5Hh7Y1wQbvY5ooGgPbDaL5iYLAPzMTUrjMulskHLH6wnv/A+1q5rgEaiuqEjB+oxGXIVZs1FF+R/KPN3ZSQYYg=="
    },
    "react-dom@19.2.4_react@19.2.4": {
      "integrity": "sha512-AXJdLo8kgMbimY95O2aKQqsz2iWi9jMgKJhRBAxECE4IFxfcazB2LmzloIoibJI3C12IlY20+KFaLv+71bUJeQ==",
      "dependencies": [
        "react",
        "scheduler"
      ]
    },
    "react@19.2.4": {
      "integrity": "sha512-9nfp2hYpCwOjAN+8TZFGhtWEwgvWHXqESH8qT89AT/lWklpLON22Lc8pEtnpsZz7VmawabSU0gCjnj8aC0euHQ=="
    },
    "reveal.js@6.0.1": {
      "integrity": "sha512-9eacArNIgqO2HGWOK+93gJNn+gvdGDVbSq+i2u3Ja9kjiHps0XNLpgYTZTYjKRH91uXy3clGimeGiw4umHG/tg=="
    },
    "scheduler@0.27.0": {
      "integrity": "sha512-eNv+WrVbKu1f3vbYJT/xtiF5syA5HPIMtf9IgY/nKg0sWqzAUEvqY/xm7OcZc/qafLx/iO9FgOmeSAp4v5ti/Q=="
    },
    "typescript@6.0.3": {
      "integrity": "sha512-y2TvuxSZPDyQakkFRPZHKFm+KKVqIisdg9/CZwm9ftvKXLP8NRWj38/ODjNbr43SsoXqNuAisEf1GdCxqWcdBw==",
      "bin": true
    }
  },
  "workspace": {
    "dependencies": [
      "npm:@revealjs/react@0.2.1",
      "npm:@types/react-dom@19.2.3",
      "npm:@types/react@19.2.10",
      "npm:d3-geo@3.1.1",
      "npm:d3-scale@4.0.2",
      "npm:d3-shape@3.2.0",
      "npm:react-dom@19.2.4",
      "npm:react@19.2.4",
      "npm:reveal.js@6.0.1",
      "npm:typescript@6.0.3"
    ]
  }
}
